// !$*UTF8*$!
{
	archiveVersion = 1;
	classes = {
	};
	objectVersion = 46;
	objects = {

/* Begin PBXBuildFile section */
		2A0607821CD83645000057CB /* main.m in Sources */ = {isa = PBXBuildFile; fileRef = 2A0607811CD83645000057CB /* main.m */; };
		2A0607851CD83645000057CB /* AppDelegate.m in Sources */ = {isa = PBXBuildFile; fileRef = 2A0607841CD83645000057CB /* AppDelegate.m */; };
		2A0607881CD83645000057CB /* ViewController.m in Sources */ = {isa = PBXBuildFile; fileRef = 2A0607871CD83645000057CB /* ViewController.m */; };
		2A06078B1CD83645000057CB /* Main.storyboard in Resources */ = {isa = PBXBuildFile; fileRef = 2A0607891CD83645000057CB /* Main.storyboard */; };
		2A06078D1CD83645000057CB /* Assets.xcassets in Resources */ = {isa = PBXBuildFile; fileRef = 2A06078C1CD83645000057CB /* Assets.xcassets */; };
		2A0607901CD83645000057CB /* LaunchScreen.storyboard in Resources */ = {isa = PBXBuildFile; fileRef = 2A06078E1CD83645000057CB /* LaunchScreen.storyboard */; };
		2AC54AFF1D0D13BD003561C1 /* DBHandler.m in Sources */ = {isa = PBXBuildFile; fileRef = 2AC54AFE1D0D13BD003561C1 /* DBHandler.m */; };
		8E5C6A513F923AA9537974BD /* libPods.a in Frameworks */ = {isa = PBXBuildFile; fileRef = E8316FEF0B601E629C443882 /* libPods.a */; };
/* End PBXBuildFile section */

/* Begin PBXFileReference section */
		2A06077D1CD83645000057CB /* FMDBdemo.app */ = {isa = PBXFileReference; explicitFileType = wrapper.application; includeInIndex = 0; path = FMDBdemo.app; sourceTree = BUILT_PRODUCTS_DIR; };
		2A0607811CD83645000057CB /* main.m */ = {isa = PBXFileReference; lastKnownFileType = sourcecode.c.objc; path = main.m; sourceTree = "<group>"; };
		2A0607831CD83645000057CB /* AppDelegate.h */ = {isa = PBXFileReference; lastKnownFileType = sourcecode.c.h; path = AppDelegate.h; sourceTree = "<group>"; };
		2A0607841CD83645000057CB /* AppDelegate.m */ = {isa = PBXFileReference; lastKnownFileType = sourcecode.c.objc; path = AppDelegate.m; sourceTree = "<group>"; };
		2A0607861CD83645000057CB /* ViewController.h */ = {isa = PBXFileReference; lastKnownFileType = sourcecode.c.h; path = ViewController.h; sourceTree = "<group>"; };
		2A0607871CD83645000057CB /* ViewController.m */ = {isa = PBXFileReference; lastKnownFileType = sourcecode.c.objc; path = ViewController.m; sourceTree = "<group>"; };
		2A06078A1CD83645000057CB /* Base */ = {isa = PBXFileReference; lastKnownFileType = file.storyboard; name = Base; path = Base.lproj/Main.storyboard; sourceTree = "<group>"; };
		2A06078C1CD83645000057CB /* Assets.xcassets */ = {isa = PBXFileReference; lastKnownFileType = folder.assetcatalog; path = Assets.xcassets; sourceTree = "<group>"; };
		2A06078F1CD83645000057CB /* Base */ = {isa = PBXFileReference; lastKnownFileType = file.storyboard; name = Base; path = Base.lproj/LaunchScreen.storyboard; sourceTree = "<group>"; };
		2A0607911CD83645000057CB /* Info.plist */ = {isa = PBXFileReference; lastKnownFileType = text.plist.xml; path = Info.plist; sourceTree = "<group>"; };
		2AC54AFD1D0D13BD003561C1 /* DBHandler.h */ = {isa = PBXFileReference; fileEncoding = 4; lastKnownFileType = sourcecode.c.h; path = DBHandler.h; sourceTree = "<group>"; };
		2AC54AFE1D0D13BD003561C1 /* DBHandler.m */ = {isa = PBXFileReference; fileEncoding = 4; lastKnownFileType = sourcecode.c.objc; path = DBHandler.m; sourceTree = "<group>"; };
		75A346D1F392F92C5F618689 /* Pods.debug.xcconfig */ = {isa = PBXFileReference; includeInIndex = 1; lastKnownFileType = text.xcconfig; name = Pods.debug.xcconfig; path = "Pods/Target Support Files/Pods/Pods.debug.xcconfig"; sourceTree = "<group>"; };
		A3D5798314C17DFE447F9387 /* Pods.release.xcconfig */ = {isa = PBXFileReference; includeInIndex = 1; lastKnownFileType = text.xcconfig; name = Pods.release.xcconfig; path = "Pods/Target Support Files/Pods/Pods.release.xcconfig"; sourceTree = "<group>"; };
		E8316FEF0B601E629C443882 /* libPods.a */ = {isa = PBXFileReference; explicitFileType = archive.ar; includeInIndex = 0; path = libPods.a; sourceTree = BUILT_PRODUCTS_DIR; };
/* End PBXFileReference section */

/* Begin PBXFrameworksBuildPhase section */
		2A06077A1CD83645000057CB /* Frameworks */ = {
			isa = PBXFrameworksBuildPhase;
			buildActionMask = 2147483647;
			files = (
				8E5C6A513F923AA9537974BD /* libPods.a in Frameworks */,
			);
			runOnlyForDeploymentPostprocessing = 0;
		};
/* End PBXFrameworksBuildPhase section */

/* Begin PBXGroup section */
		17A4B63661F8D60D711EBA4D /* Frameworks */ = {
			isa = PBXGroup;
			children = (
				E8316FEF0B601E629C443882 /* libPods.a */,
			);
			name = Frameworks;
			sourceTree = "<group>";
		};
		2A0607741CD83644000057CB = {
			isa = PBXGroup;
			children = (
				2A06077F1CD83645000057CB /* FMDBdemo */,
				2A06077E1CD83645000057CB /* Products */,
				668B9A151C290CA1E8EA7A4D /* Pods */,
				17A4B63661F8D60D711EBA4D /* Frameworks */,
			);
			sourceTree = "<group>";
		};
		2A06077E1CD83645000057CB /* Products */ = {
			isa = PBXGroup;
			children = (
				2A06077D1CD83645000057CB /* FMDBdemo.app */,
			);
			name = Products;
			sourceTree = "<group>";
		};
		2A06077F1CD83645000057CB /* FMDBdemo */ = {
			isa = PBXGroup;
			children = (
				2A0607831CD83645000057CB /* AppDelegate.h */,
				2A0607841CD83645000057CB /* AppDelegate.m */,
				2A0607861CD83645000057CB /* ViewController.h */,
				2A0607871CD83645000057CB /* ViewController.m */,
				2AC54AFD1D0D13BD003561C1 /* DBHandler.h */,
				2AC54AFE1D0D13BD003561C1 /* DBHandler.m */,
				2A0607891CD83645000057CB /* Main.storyboard */,
				2A06078C1CD83645000057CB /* Assets.xcassets */,
				2A06078E1CD83645000057CB /* LaunchScreen.storyboard */,
				2A0607911CD83645000057CB /* Info.plist */,
				2A0607801CD83645000057CB /* Supporting Files */,
			);
			path = FMDBdemo;
			sourceTree = "<group>";
		};
		2A0607801CD83645000057CB /* Supporting Files */ = {
			isa = PBXGroup;
			children = (
				2A0607811CD83645000057CB /* main.m */,
			);
			name = "Supporting Files";
			sourceTree = "<group>";
		};
		668B9A151C290CA1E8EA7A4D /* Pods */ = {
			isa = PBXGroup;
			children = (
				75A346D1F392F92C5F618689 /* Pods.debug.xcconfig */,
				A3D5798314C17DFE447F9387 /* Pods.release.xcconfig */,
			);
			name = Pods;
			sourceTree = "<group>";
		};
/* End PBXGroup section */

/* Begin PBXNativeTarget section */
		2A06077C1CD83645000057CB /* FMDBdemo */ = {
			isa = PBXNativeTarget;
			buildConfigurationList = 2A0607941CD83645000057CB /* Build configuration list for PBXNativeTarget "FMDBdemo" */;
			buildPhases = (
				F537093A3638F720F79578CB /* Check Pods Manifest.lock */,
				2A0607791CD83645000057CB /* Sources */,
				2A06077A1CD83645000057CB /* Frameworks */,
				2A06077B1CD83645000057CB /* Resources */,
				2C40F0585E31C1A73AAC0122 /* Embed Pods Frameworks */,
				B6FFB64ED69AA6CB0C79FFEB /* Copy Pods Resources */,
			);
			buildRules = (
			);
			dependencies = (
			);
			name = FMDBdemo;
			productName = FMDBdemo;
			productReference = 2A06077D1CD83645000057CB /* FMDBdemo.app */;
			productType = "com.apple.product-type.application";
		};
/* End PBXNativeTarget section */

/* Begin PBXProject section */
		2A0607751CD83645000057CB /* Project object */ = {
			isa = PBXProject;
			attributes = {
				LastUpgradeCheck = 0730;
				ORGANIZATIONNAME = "刘健";
				TargetAttributes = {
					2A06077C1CD83645000057CB = {
						CreatedOnToolsVersion = 7.3;
					};
				};
			};
			buildConfigurationList = 2A0607781CD83645000057CB /* Build configuration list for PBXProject "FMDBdemo" */;
			compatibilityVersion = "Xcode 3.2";
			developmentRegion = English;
			hasScannedForEncodings = 0;
			knownRegions = (
				en,
				Base,
			);
			mainGroup = 2A0607741CD83644000057CB;
			productRefGroup = 2A06077E1CD83645000057CB /* Products */;
			projectDirPath = "";
			projectRoot = "";
			targets = (
				2A06077C1CD83645000057CB /* FMDBdemo */,
			);
		};
/* End PBXProject section */

/* Begin PBXResourcesBuildPhase section */
		2A06077B1CD83645000057CB /* Resources */ = {
			isa = PBXResourcesBuildPhase;
			buildActionMask = 2147483647;
			files = (
				2A0607901CD83645000057CB /* LaunchScreen.storyboard in Resources */,
				2A06078D1CD83645000057CB /* Assets.xcassets in Resources */,
				2A06078B1CD83645000057CB /* Main.storyboard in Resources */,
			);
			runOnlyForDeploymentPostprocessing = 0;
		};
/* End PBXResourcesBuildPhase section */

/* Begin PBXShellScriptBuildPhase section */
		2C40F0585E31C1A73AAC0122 /* Embed Pods Frameworks */ = {
			isa = PBXShellScriptBuildPhase;
			buildActionMask = 2147483647;
			files = (
			);
			inputPaths = (
			);
			name = "Embed Pods Frameworks";
			outputPaths = (
			);
			runOnlyForDeploymentPostprocessing = 0;
			shellPath = /bin/sh;
			shellScript = "\"${SRCROOT}/Pods/Target Support Files/Pods/Pods-frameworks.sh\"\n";
			showEnvVarsInLog = 0;
		};
		B6FFB64ED69AA6CB0C79FFEB /* Copy Pods Resources */ = {
			isa = PBXShellScriptBuildPhase;
			buildActionMask = 2147483647;
			files = (
			);
			inputPaths = (
			);
			name = "Copy Pods Resources";
			outputPaths = (
			);
			runOnlyForDeploymentPostprocessing = 0;
			shellPath = /bin/sh;
			shellScript = "\"${SRCROOT}/Pods/Target Support Files/Pods/Pods-resources.sh\"\n";
			showEnvVarsInLog = 0;
		};
		F537093A3638F720F79578CB /* Check Pods Manifest.lock */ = {
			isa = PBXShellScriptBuildPhase;
			buildActionMask = 2147483647;
			files = (
			);
			inputPaths = (
			);
			name = "Check Pods Manifest.lock";
			outputPaths = (
			);
			runOnlyForDeploymentPostprocessing = 0;
			shellPath = /bin/sh;
			shellScript = "diff \"${PODS_ROOT}/../Podfile.lock\" \"${PODS_ROOT}/Manifest.lock\" > /dev/null\nif [[ $? != 0 ]] ; then\n    cat << EOM\nerror: The sandbox is not in sync with the Podfile.lock. Run 'pod install' or update your CocoaPods installation.\nEOM\n    exit 1\nfi\n";
			showEnvVarsInLog = 0;
		};
/* End PBXShellScriptBuildPhase section */

/* Begin PBXSourcesBuildPhase section */
		2A0607791CD83645000057CB /* Sources */ = {
			isa = PBXSourcesBuildPhase;
			buildActionMask = 2147483647;
			files = (
				2A0607881CD83645000057CB /* ViewController.m in Sources */,
				2A0607851CD83645000057CB /* AppDelegate.m in Sources */,
				2AC54AFF1D0D13BD003561C1 /* DBHandler.m in Sources */,
				2A0607821CD83645000057CB /* main.m in Sources */,
			);
			runOnlyForDeploymentPostprocessing = 0;
		};
/* End PBXSourcesBuildPhase section */

/* Begin PBXVariantGroup section */
		2A0607891CD83645000057CB /* Main.storyboard */ = {
			isa = PBXVariantGroup;
			children = (
				2A06078A1CD83645000057CB /* Base */,
			);
			name = Main.storyboard;
			sourceTree = "<group>";
		};
		2A06078E1CD83645000057CB /* LaunchScreen.storyboard */ = {
			isa = PBXVariantGroup;
			children = (
				2A06078F1CD83645000057CB /* Base */,
			);
			name = LaunchScreen.storyboard;
			sourceTree = "<group>";
		};
/* End PBXVariantGroup section */

/* Begin XCBuildConfiguration section */
		2A0607921CD83645000057CB /* Debug */ = {
			isa = XCBuildConfiguration;
			buildSettings = {
				ALWAYS_SEARCH_USER_PATHS = NO;
				CLANG_ANALYZER_NONNULL = YES;
				CLANG_CXX_LANGUAGE_STANDARD = "gnu++0x";
				CLANG_CXX_LIBRARY = "libc++";
				CLANG_ENABLE_MODULES = YES;
				CLANG_ENABLE_OBJC_ARC = YES;
				CLANG_WARN_BOOL_CONVERSION = YES;
				CLANG_WARN_CONSTANT_CONVERSION = YES;
				CLANG_WARN_DIRECT_OBJC_ISA_USAGE = YES_ERROR;
				CLANG_WARN_EMPTY_BODY = YES;
				CLANG_WARN_ENUM_CONVERSION = YES;
				CLANG_WARN_INT_CONVERSION = YES;
				CLANG_WARN_OBJC_ROOT_CLASS = YES_ERROR;
				CLANG_WARN_UNREACHABLE_CODE = YES;
				CLANG_WARN__DUPLICATE_METHOD_MATCH = YES;
				"CODE_SIGN_IDENTITY[sdk=iphoneos*]" = "iPhone Developer";
				COPY_PHASE_STRIP = NO;
				DEBUG_INFORMATION_FORMAT = dwarf;
				ENABLE_STRICT_OBJC_MSGSEND = YES;
				ENABLE_TESTABILITY = YES;
				GCC_C_LANGUAGE_STANDARD = gnu99;
				GCC_DYNAMIC_NO_PIC = NO;
				GCC_NO_COMMON_BLOCKS = YES;
				GCC_OPTIMIZATION_LEVEL = 0;
				GCC_PREPROCESSOR_DEFINITIONS = (
					"DEBUG=1",
					"$(inherited)",
				);
				GCC_WARN_64_TO_32_BIT_CONVERSION = YES;
				GCC_WARN_ABOUT_RETURN_TYPE = YES_ERROR;
				GCC_WARN_UNDECLARED_SELECTOR = YES;
				GCC_WARN_UNINITIALIZED_AUTOS = YES_AGGRESSIVE;
				GCC_WARN_UNUSED_FUNCTION = YES;
				GCC_WARN_UNUSED_VARIABLE = YES;
				IPHONEOS_DEPLOYMENT_TARGET = 9.3;
				MTL_ENABLE_DEBUG_INFO = YES;
				ONLY_ACTIVE_ARCH = YES;
				SDKROOT = iphoneos;
				TARGETED_DEVICE_FAMILY = "1,2";
			};
			name = Debug;
		};
		2A0607931CD83645000057CB /* Release */ = {
			isa = XCBuildConfiguration;
			buildSettings = {
				ALWAYS_SEARCH_USER_PATHS = NO;
				CLANG_ANALYZER_NONNULL = YES;
				CLANG_CXX_LANGUAGE_STANDARD = "gnu++0x";
				CLANG_CXX_LIBRARY = "libc++";
				CLANG_ENABLE_MODULES = YES;
				CLANG_ENABLE_OBJC_ARC = YES;
				CLANG_WARN_BOOL_CONVERSION = YES;
				CLANG_WARN_CONSTANT_CONVERSION = YES;
				CLANG_WARN_DIRECT_OBJC_ISA_USAGE = YES_ERROR;
				CLANG_WARN_EMPTY_BODY = YES;
				CLANG_WARN_ENUM_CONVERSION = YES;
				CLANG_WARN_INT_CONVERSION = YES;
				CLANG_WARN_OBJC_ROOT_CLASS = YES_ERROR;
				CLANG_WARN_UNREACHABLE_CODE = YES;
				CLANG_WARN__DUPLICATE_METHOD_MATCH = YES;
				"CODE_SIGN_IDENTITY[sdk=iphoneos*]" = "iPhone Developer";
				COPY_PHASE_STRIP = NO;
				DEBUG_INFORMATION_FORMAT = "dwarf-with-dsym";
				ENABLE_NS_ASSERTIONS = NO;
				ENABLE_STRICT_OBJC_MSGSEND = YES;
				GCC_C_LANGUAGE_STANDARD = gnu99;
				GCC_NO_COMMON_BLOCKS = YES;
				GCC_WARN_64_TO_32_BIT_CONVERSION = YES;
				GCC_WARN_ABOUT_RETURN_TYPE = YES_ERROR;
				GCC_WARN_UNDECLARED_SELECTOR = YES;
				GCC_WARN_UNINITIALIZED_AUTOS = YES_AGGRESSIVE;
				GCC_WARN_UNUSED_FUNCTION = YES;
				GCC_WARN_UNUSED_VARIABLE = YES;
				IPHONEOS_DEPLOYMENT_TARGET = 9.3;
				MTL_ENABLE_DEBUG_INFO = NO;
				SDKROOT = iphoneos;
				TARGETED_DEVICE_FAMILY = "1,2";
				VALIDATE_PRODUCT = YES;
			};
			name = Release;
		};
		2A0607951CD83645000057CB /* Debug */ = {
			isa = XCBuildConfiguration;
			baseConfigurationReference = 75A346D1F392F92C5F618689 /* Pods.debug.xcconfig */;
			buildSettings = {
				ASSETCATALOG_COMPILER_APPICON_NAME = AppIcon;
				INFOPLIST_FILE = FMDBdemo/Info.plist;
				IPHONEOS_DEPLOYMENT_TARGET = 7.0;
				LD_RUNPATH_SEARCH_PATHS = "$(inherited) @executable_path/Frameworks";
				PRODUCT_BUNDLE_IDENTIFIER = www.lj.com.FMDBdemo;
				PRODUCT_NAME = "$(TARGET_NAME)";
			};
			name = Debug;
		};
		2A0607961CD83645000057CB /* Release */ = {
			isa = XCBuildConfiguration;
			baseConfigurationReference = A3D5798314C17DFE447F9387 /* Pods.release.xcconfig */;
			buildSettings = {
				ASSETCATALOG_COMPILER_APPICON_NAME = AppIcon;
				INFOPLIST_FILE = FMDBdemo/Info.plist;
				IPHONEOS_DEPLOYMENT_TARGET = 7.0;
				LD_RUNPATH_SEARCH_PATHS = "$(inherited) @executable_path/Frameworks";
				PRODUCT_BUNDLE_IDENTIFIER = www.lj.com.FMDBdemo;
				PRODUCT_NAME = "$(TARGET_NAME)";
			};
			name = Release;
		};
/* End XCBuildConfiguration section */

/* Begin XCConfigurationList section */
		2A0607781CD83645000057CB /* Build configuration list for PBXProject "FMDBdemo" */ = {
			isa = XCConfigurationList;
			buildConfigurations = (
				2A0607921CD83645000057CB /* Debug */,
				2A0607931CD83645000057CB /* Release */,
			);
			defaultConfigurationIsVisible = 0;
			defaultConfigurationName = Release;
		};
		2A0607941CD83645000057CB /* Build configuration list for PBXNativeTarget "FMDBdemo" */ = {
			isa = XCConfigurationList;
			buildConfigurations = (
				2A0607951CD83645000057CB /* Debug */,
				2A0607961CD83645000057CB /* Release */,
			);
			defaultConfigurationIsVisible = 0;
			defaultConfigurationName = Release;
		};
/* End XCConfigurationList section */
	};
	rootObject = 2A0607751CD83645000057CB /* Project object */;
}
